
Microsoft Visual Studio Solution File, Format Version 12.00
# Visual Studio Version 16
VisualStudioVersion = 16.0.29403.142
MinimumVisualStudioVersion = 10.0.40219.1
Project("{FAE04EC0-301F-11D3-BF4B-00C04F79EFBC}") = "Compte-banq", "Compte-banq\Compte-banq.csproj", "{28D13907-B067-4DFC-B3CA-4F113C184777}"
EndProject
Global
	GlobalSection(SolutionConfigurationPlatforms) = preSolution
		Debug|Any CPU = Debug|Any CPU
		Release|Any CPU = Release|Any CPU
	EndGlobalSection
	GlobalSection(ProjectConfigurationPlatforms) = postSolution
		{28D13907-B067-4DFC-B3CA-4F113C184777}.Debug|Any CPU.ActiveCfg = Debug|Any CPU
		{28D13907-B067-4DFC-B3CA-4F113C184777}.Debug|Any CPU.Build.0 = Debug|Any CPU
		{28D13907-B067-4DFC-B3CA-4F113C184777}.Release|Any CPU.ActiveCfg = Release|Any CPU
		{28D13907-B067-4DFC-B3CA-4F113C184777}.Release|Any CPU.Build.0 = Release|Any CPU
	EndGlobalSection
	GlobalSection(SolutionProperties) = preSolution
		HideSolutionNode = FALSE
	EndGlobalSection
	GlobalSection(ExtensibilityGlobals) = postSolution
		SolutionGuid = {07326B99-1DE5-4DEA-820E-CD2F06F7B6B3}
	EndGlobalSection
EndGlobal
